// !$*UTF8*$!
{
	archiveVersion = 1;
	classes = {
	};
	objectVersion = 56;
	objects = {

/* Begin PBXBuildFile section */
		7B1113AA2B26EC0D00D6FF8C /* ImageHead.swift in Sources */ = {isa = PBXBuildFile; fileRef = 7B1113A92B26EC0D00D6FF8C /* ImageHead.swift */; };
		7B1113AC2B26EC3D00D6FF8C /* ImageBody.swift in Sources */ = {isa = PBXBuildFile; fileRef = 7B1113AB2B26EC3D00D6FF8C /* ImageBody.swift */; };
		7B1113AF2B26EC5100D6FF8C /* ImageLeg.swift in Sources */ = {isa = PBXBuildFile; fileRef = 7B1113AE2B26EC5100D6FF8C /* ImageLeg.swift */; };
		7B1113B12B26EC9700D6FF8C /* ContentViewModel.swift in Sources */ = {isa = PBXBuildFile; fileRef = 7B1113B02B26EC9700D6FF8C /* ContentViewModel.swift */; };
		7B1113B32B26ECE000D6FF8C /* CustomUserView.swift in Sources */ = {isa = PBXBuildFile; fileRef = 7B1113B22B26ECE000D6FF8C /* CustomUserView.swift */; };
		7B1113B52B26ECFD00D6FF8C /* CustomImageView.swift in Sources */ = {isa = PBXBuildFile; fileRef = 7B1113B42B26ECFD00D6FF8C /* CustomImageView.swift */; };
		7B3ADE0B2B25D8040012EBAD /* Lego_Minifigure_AvatarCreatorApp.swift in Sources */ = {isa = PBXBuildFile; fileRef = 7B3ADE0A2B25D8040012EBAD /* Lego_Minifigure_AvatarCreatorApp.swift */; };
		7B3ADE0D2B25D8040012EBAD /* ContentView.swift in Sources */ = {isa = PBXBuildFile; fileRef = 7B3ADE0C2B25D8040012EBAD /* ContentView.swift */; };
		7B3ADE0F2B25D8050012EBAD /* Assets.xcassets in Resources */ = {isa = PBXBuildFile; fileRef = 7B3ADE0E2B25D8050012EBAD /* Assets.xcassets */; };
		7B3ADE122B25D8050012EBAD /* Preview Assets.xcassets in Resources */ = {isa = PBXBuildFile; fileRef = 7B3ADE112B25D8050012EBAD /* Preview Assets.xcassets */; };
/* End PBXBuildFile section */

/* Begin PBXFileReference section */
		7B1113A92B26EC0D00D6FF8C /* ImageHead.swift */ = {isa = PBXFileReference; lastKnownFileType = sourcecode.swift; path = ImageHead.swift; sourceTree = "<group>"; };
		7B1113AB2B26EC3D00D6FF8C /* ImageBody.swift */ = {isa = PBXFileReference; lastKnownFileType = sourcecode.swift; path = ImageBody.swift; sourceTree = "<group>"; };
		7B1113AE2B26EC5100D6FF8C /* ImageLeg.swift */ = {isa = PBXFileReference; lastKnownFileType = sourcecode.swift; path = ImageLeg.swift; sourceTree = "<group>"; };
		7B1113B02B26EC9700D6FF8C /* ContentViewModel.swift */ = {isa = PBXFileReference; lastKnownFileType = sourcecode.swift; path = ContentViewModel.swift; sourceTree = "<group>"; };
		7B1113B22B26ECE000D6FF8C /* CustomUserView.swift */ = {isa = PBXFileReference; lastKnownFileType = sourcecode.swift; path = CustomUserView.swift; sourceTree = "<group>"; };
		7B1113B42B26ECFD00D6FF8C /* CustomImageView.swift */ = {isa = PBXFileReference; lastKnownFileType = sourcecode.swift; path = CustomImageView.swift; sourceTree = "<group>"; };
		7B3ADE072B25D8040012EBAD /* Lego-Minifigure-AvatarCreator.app */ = {isa = PBXFileReference; explicitFileType = wrapper.application; includeInIndex = 0; path = "Lego-Minifigure-AvatarCreator.app"; sourceTree = BUILT_PRODUCTS_DIR; };
		7B3ADE0A2B25D8040012EBAD /* Lego_Minifigure_AvatarCreatorApp.swift */ = {isa = PBXFileReference; lastKnownFileType = sourcecode.swift; path = Lego_Minifigure_AvatarCreatorApp.swift; sourceTree = "<group>"; };
		7B3ADE0C2B25D8040012EBAD /* ContentView.swift */ = {isa = PBXFileReference; lastKnownFileType = sourcecode.swift; path = ContentView.swift; sourceTree = "<group>"; };
		7B3ADE0E2B25D8050012EBAD /* Assets.xcassets */ = {isa = PBXFileReference; lastKnownFileType = folder.assetcatalog; path = Assets.xcassets; sourceTree = "<group>"; };
		7B3ADE112B25D8050012EBAD /* Preview Assets.xcassets */ = {isa = PBXFileReference; lastKnownFileType = folder.assetcatalog; path = "Preview Assets.xcassets"; sourceTree = "<group>"; };
/* End PBXFileReference section */

/* Begin PBXFrameworksBuildPhase section */
		7B3ADE042B25D8040012EBAD /* Frameworks */ = {
			isa = PBXFrameworksBuildPhase;
			buildActionMask = 2147483647;
			files = (
			);
			runOnlyForDeploymentPostprocessing = 0;
		};
/* End PBXFrameworksBuildPhase section */

/* Begin PBXGroup section */
		7B1113A42B26EB9500D6FF8C /* App */ = {
			isa = PBXGroup;
			children = (
				7B3ADE0A2B25D8040012EBAD /* Lego_Minifigure_AvatarCreatorApp.swift */,
				7B3ADE0E2B25D8050012EBAD /* Assets.xcassets */,
			);
			path = App;
			sourceTree = "<group>";
		};
		7B1113A52B26EBAE00D6FF8C /* View */ = {
			isa = PBXGroup;
			children = (
				7B3ADE0C2B25D8040012EBAD /* ContentView.swift */,
				7B1113B22B26ECE000D6FF8C /* CustomUserView.swift */,
				7B1113B42B26ECFD00D6FF8C /* CustomImageView.swift */,
			);
			path = View;
			sourceTree = "<group>";
		};
		7B1113A72B26EBC100D6FF8C /* ViewModel */ = {
			isa = PBXGroup;
			children = (
				7B1113B02B26EC9700D6FF8C /* ContentViewModel.swift */,
			);
			path = ViewModel;
			sourceTree = "<group>";
		};
		7B1113A82B26EBCD00D6FF8C /* Model */ = {
			isa = PBXGroup;
			children = (
				7B1113A92B26EC0D00D6FF8C /* ImageHead.swift */,
				7B1113AB2B26EC3D00D6FF8C /* ImageBody.swift */,
				7B1113AE2B26EC5100D6FF8C /* ImageLeg.swift */,
			);
			path = Model;
			sourceTree = "<group>";
		};
		7B3ADDFE2B25D8040012EBAD = {
			isa = PBXGroup;
			children = (
				7B3ADE092B25D8040012EBAD /* Lego-Minifigure-AvatarCreator */,
				7B3ADE082B25D8040012EBAD /* Products */,
			);
			sourceTree = "<group>";
		};
		7B3ADE082B25D8040012EBAD /* Products */ = {
			isa = PBXGroup;
			children = (
				7B3ADE072B25D8040012EBAD /* Lego-Minifigure-AvatarCreator.app */,
			);
			name = Products;
			sourceTree = "<group>";
		};
		7B3ADE092B25D8040012EBAD /* Lego-Minifigure-AvatarCreator */ = {
			isa = PBXGroup;
			children = (
				7B1113A42B26EB9500D6FF8C /* App */,
				7B1113A52B26EBAE00D6FF8C /* View */,
				7B1113A72B26EBC100D6FF8C /* ViewModel */,
				7B1113A82B26EBCD00D6FF8C /* Model */,
				7B3ADE102B25D8050012EBAD /* Preview Content */,
			);
			path = "Lego-Minifigure-AvatarCreator";
			sourceTree = "<group>";
		};
		7B3ADE102B25D8050012EBAD /* Preview Content */ = {
			isa = PBXGroup;
			children = (
				7B3ADE112B25D8050012EBAD /* Preview Assets.xcassets */,
			);
			path = "Preview Content";
			sourceTree = "<group>";
		};
/* End PBXGroup section */

/* Begin PBXNativeTarget section */
		7B3ADE062B25D8040012EBAD /* Lego-Minifigure-AvatarCreator */ = {
			isa = PBXNativeTarget;
			buildConfigurationList = 7B3ADE152B25D8050012EBAD /* Build configuration list for PBXNativeTarget "Lego-Minifigure-AvatarCreator" */;
			buildPhases = (
				7B3ADE032B25D8040012EBAD /* Sources */,
				7B3ADE042B25D8040012EBAD /* Frameworks */,
				7B3ADE052B25D8040012EBAD /* Resources */,
			);
			buildRules = (
			);
			dependencies = (
			);
			name = "Lego-Minifigure-AvatarCreator";
			productName = "Lego-Minifigure-AvatarCreator";
			productReference = 7B3ADE072B25D8040012EBAD /* Lego-Minifigure-AvatarCreator.app */;
			productType = "com.apple.product-type.application";
		};
/* End PBXNativeTarget section */

/* Begin PBXProject section */
		7B3ADDFF2B25D8040012EBAD /* Project object */ = {
			isa = PBXProject;
			attributes = {
				BuildIndependentTargetsInParallel = 1;
				LastSwiftUpdateCheck = 1500;
				LastUpgradeCheck = 1500;
				TargetAttributes = {
					7B3ADE062B25D8040012EBAD = {
						CreatedOnToolsVersion = 15.0.1;
					};
				};
			};
			buildConfigurationList = 7B3ADE022B25D8040012EBAD /* Build configuration list for PBXProject "Lego-Minifigure-AvatarCreator" */;
			compatibilityVersion = "Xcode 14.0";
			developmentRegion = en;
			hasScannedForEncodings = 0;
			knownRegions = (
				en,
				Base,
			);
			mainGroup = 7B3ADDFE2B25D8040012EBAD;
			productRefGroup = 7B3ADE082B25D8040012EBAD /* Products */;
			projectDirPath = "";
			projectRoot = "";
			targets = (
				7B3ADE062B25D8040012EBAD /* Lego-Minifigure-AvatarCreator */,
			);
		};
/* End PBXProject section */

/* Begin PBXResourcesBuildPhase section */
		7B3ADE052B25D8040012EBAD /* Resources */ = {
			isa = PBXResourcesBuildPhase;
			buildActionMask = 2147483647;
			files = (
				7B3ADE122B25D8050012EBAD /* Preview Assets.xcassets in Resources */,
				7B3ADE0F2B25D8050012EBAD /* Assets.xcassets in Resources */,
			);
			runOnlyForDeploymentPostprocessing = 0;
		};
/* End PBXResourcesBuildPhase section */

/* Begin PBXSourcesBuildPhase section */
		7B3ADE032B25D8040012EBAD /* Sources */ = {
			isa = PBXSourcesBuildPhase;
			buildActionMask = 2147483647;
			files = (
				7B1113AF2B26EC5100D6FF8C /* ImageLeg.swift in Sources */,
				7B1113B52B26ECFD00D6FF8C /* CustomImageView.swift in Sources */,
				7B3ADE0D2B25D8040012EBAD /* ContentView.swift in Sources */,
				7B1113B12B26EC9700D6FF8C /* ContentViewModel.swift in Sources */,
				7B1113AA2B26EC0D00D6FF8C /* ImageHead.swift in Sources */,
				7B3ADE0B2B25D8040012EBAD /* Lego_Minifigure_AvatarCreatorApp.swift in Sources */,
				7B1113AC2B26EC3D00D6FF8C /* ImageBody.swift in Sources */,
				7B1113B32B26ECE000D6FF8C /* CustomUserView.swift in Sources */,
			);
			runOnlyForDeploymentPostprocessing = 0;
		};
/* End PBXSourcesBuildPhase section */

/* Begin XCBuildConfiguration section */
		7B3ADE132B25D8050012EBAD /* Debug */ = {
			isa = XCBuildConfiguration;
			buildSettings = {
				ALWAYS_SEARCH_USER_PATHS = NO;
				ASSETCATALOG_COMPILER_GENERATE_SWIFT_ASSET_SYMBOL_EXTENSIONS = YES;
				CLANG_ANALYZER_NONNULL = YES;
				CLANG_ANALYZER_NUMBER_OBJECT_CONVERSION = YES_AGGRESSIVE;
				CLANG_CXX_LANGUAGE_STANDARD = "gnu++20";
				CLANG_ENABLE_MODULES = YES;
				CLANG_ENABLE_OBJC_ARC = YES;
				CLANG_ENABLE_OBJC_WEAK = YES;
				CLANG_WARN_BLOCK_CAPTURE_AUTORELEASING = YES;
				CLANG_WARN_BOOL_CONVERSION = YES;
				CLANG_WARN_COMMA = YES;
				CLANG_WARN_CONSTANT_CONVERSION = YES;
				CLANG_WARN_DEPRECATED_OBJC_IMPLEMENTATIONS = YES;
				CLANG_WARN_DIRECT_OBJC_ISA_USAGE = YES_ERROR;
				CLANG_WARN_DOCUMENTATION_COMMENTS = YES;
				CLANG_WARN_EMPTY_BODY = YES;
				CLANG_WARN_ENUM_CONVERSION = YES;
				CLANG_WARN_INFINITE_RECURSION = YES;
				CLANG_WARN_INT_CONVERSION = YES;
				CLANG_WARN_NON_LITERAL_NULL_CONVERSION = YES;
				CLANG_WARN_OBJC_IMPLICIT_RETAIN_SELF = YES;
				CLANG_WARN_OBJC_LITERAL_CONVERSION = YES;
				CLANG_WARN_OBJC_ROOT_CLASS = YES_ERROR;
				CLANG_WARN_QUOTED_INCLUDE_IN_FRAMEWORK_HEADER = YES;
				CLANG_WARN_RANGE_LOOP_ANALYSIS = YES;
				CLANG_WARN_STRICT_PROTOTYPES = YES;
				CLANG_WARN_SUSPICIOUS_MOVE = YES;
				CLANG_WARN_UNGUARDED_AVAILABILITY = YES_AGGRESSIVE;
				CLANG_WARN_UNREACHABLE_CODE = YES;
				CLANG_WARN__DUPLICATE_METHOD_MATCH = YES;
				COPY_PHASE_STRIP = NO;
				DEBUG_INFORMATION_FORMAT = dwarf;
				ENABLE_STRICT_OBJC_MSGSEND = YES;
				ENABLE_TESTABILITY = YES;
				ENABLE_USER_SCRIPT_SANDBOXING = YES;
				GCC_C_LANGUAGE_STANDARD = gnu17;
				GCC_DYNAMIC_NO_PIC = NO;
				GCC_NO_COMMON_BLOCKS = YES;
				GCC_OPTIMIZATION_LEVEL = 0;
				GCC_PREPROCESSOR_DEFINITIONS = (
					"DEBUG=1",
					"$(inherited)",
				);
				GCC_WARN_64_TO_32_BIT_CONVERSION = YES;
				GCC_WARN_ABOUT_RETURN_TYPE = YES_ERROR;
				GCC_WARN_UNDECLARED_SELECTOR = YES;
				GCC_WARN_UNINITIALIZED_AUTOS = YES_AGGRESSIVE;
				GCC_WARN_UNUSED_FUNCTION = YES;
				GCC_WARN_UNUSED_VARIABLE = YES;
				IPHONEOS_DEPLOYMENT_TARGET = 17.0;
				LOCALIZATION_PREFERS_STRING_CATALOGS = YES;
				MTL_ENABLE_DEBUG_INFO = INCLUDE_SOURCE;
				MTL_FAST_MATH = YES;
				ONLY_ACTIVE_ARCH = YES;
				SDKROOT = iphoneos;
				SWIFT_ACTIVE_COMPILATION_CONDITIONS = "DEBUG $(inherited)";
				SWIFT_OPTIMIZATION_LEVEL = "-Onone";
			};
			name = Debug;
		};
		7B3ADE142B25D8050012EBAD /* Release */ = {
			isa = XCBuildConfiguration;
			buildSettings = {
				ALWAYS_SEARCH_USER_PATHS = NO;
				ASSETCATALOG_COMPILER_GENERATE_SWIFT_ASSET_SYMBOL_EXTENSIONS = YES;
				CLANG_ANALYZER_NONNULL = YES;
				CLANG_ANALYZER_NUMBER_OBJECT_CONVERSION = YES_AGGRESSIVE;
				CLANG_CXX_LANGUAGE_STANDARD = "gnu++20";
				CLANG_ENABLE_MODULES = YES;
				CLANG_ENABLE_OBJC_ARC = YES;
				CLANG_ENABLE_OBJC_WEAK = YES;
				CLANG_WARN_BLOCK_CAPTURE_AUTORELEASING = YES;
				CLANG_WARN_BOOL_CONVERSION = YES;
				CLANG_WARN_COMMA = YES;
				CLANG_WARN_CONSTANT_CONVERSION = YES;
				CLANG_WARN_DEPRECATED_OBJC_IMPLEMENTATIONS = YES;
				CLANG_WARN_DIRECT_OBJC_ISA_USAGE = YES_ERROR;
				CLANG_WARN_DOCUMENTATION_COMMENTS = YES;
				CLANG_WARN_EMPTY_BODY = YES;
				CLANG_WARN_ENUM_CONVERSION = YES;
				CLANG_WARN_INFINITE_RECURSION = YES;
				CLANG_WARN_INT_CONVERSION = YES;
				CLANG_WARN_NON_LITERAL_NULL_CONVERSION = YES;
				CLANG_WARN_OBJC_IMPLICIT_RETAIN_SELF = YES;
				CLANG_WARN_OBJC_LITERAL_CONVERSION = YES;
				CLANG_WARN_OBJC_ROOT_CLASS = YES_ERROR;
				CLANG_WARN_QUOTED_INCLUDE_IN_FRAMEWORK_HEADER = YES;
				CLANG_WARN_RANGE_LOOP_ANALYSIS = YES;
				CLANG_WARN_STRICT_PROTOTYPES = YES;
				CLANG_WARN_SUSPICIOUS_MOVE = YES;
				CLANG_WARN_UNGUARDED_AVAILABILITY = YES_AGGRESSIVE;
				CLANG_WARN_UNREACHABLE_CODE = YES;
				CLANG_WARN__DUPLICATE_METHOD_MATCH = YES;
				COPY_PHASE_STRIP = NO;
				DEBUG_INFORMATION_FORMAT = "dwarf-with-dsym";
				ENABLE_NS_ASSERTIONS = NO;
				ENABLE_STRICT_OBJC_MSGSEND = YES;
				ENABLE_USER_SCRIPT_SANDBOXING = YES;
				GCC_C_LANGUAGE_STANDARD = gnu17;
				GCC_NO_COMMON_BLOCKS = YES;
				GCC_WARN_64_TO_32_BIT_CONVERSION = YES;
				GCC_WARN_ABOUT_RETURN_TYPE = YES_ERROR;
				GCC_WARN_UNDECLARED_SELECTOR = YES;
				GCC_WARN_UNINITIALIZED_AUTOS = YES_AGGRESSIVE;
				GCC_WARN_UNUSED_FUNCTION = YES;
				GCC_WARN_UNUSED_VARIABLE = YES;
				IPHONEOS_DEPLOYMENT_TARGET = 17.0;
				LOCALIZATION_PREFERS_STRING_CATALOGS = YES;
				MTL_ENABLE_DEBUG_INFO = NO;
				MTL_FAST_MATH = YES;
				SDKROOT = iphoneos;
				SWIFT_COMPILATION_MODE = wholemodule;
				VALIDATE_PRODUCT = YES;
			};
			name = Release;
		};
		7B3ADE162B25D8050012EBAD /* Debug */ = {
			isa = XCBuildConfiguration;
			buildSettings = {
				ASSETCATALOG_COMPILER_APPICON_NAME = AppIcon;
				ASSETCATALOG_COMPILER_GLOBAL_ACCENT_COLOR_NAME = AccentColor;
				CODE_SIGN_STYLE = Automatic;
				CURRENT_PROJECT_VERSION = 1;
				DEVELOPMENT_ASSET_PATHS = "\"Lego-Minifigure-AvatarCreator/Preview Content\"";
				DEVELOPMENT_TEAM = 9VYA7Z84A3;
				ENABLE_PREVIEWS = YES;
				GENERATE_INFOPLIST_FILE = YES;
				INFOPLIST_KEY_UIApplicationSceneManifest_Generation = YES;
				INFOPLIST_KEY_UIApplicationSupportsIndirectInputEvents = YES;
				INFOPLIST_KEY_UILaunchScreen_Generation = YES;
				INFOPLIST_KEY_UISupportedInterfaceOrientations_iPad = "UIInterfaceOrientationPortrait UIInterfaceOrientationPortraitUpsideDown UIInterfaceOrientationLandscapeLeft UIInterfaceOrientationLandscapeRight";
				INFOPLIST_KEY_UISupportedInterfaceOrientations_iPhone = "UIInterfaceOrientationPortrait UIInterfaceOrientationLandscapeLeft UIInterfaceOrientationLandscapeRight";
				LD_RUNPATH_SEARCH_PATHS = (
					"$(inherited)",
					"@executable_path/Frameworks",
				);
				MARKETING_VERSION = 1.0;
				PRODUCT_BUNDLE_IDENTIFIER = "gunsevenkoray.Lego-Minifigure-AvatarCreator";
				PRODUCT_NAME = "$(TARGET_NAME)";
				SWIFT_EMIT_LOC_STRINGS = YES;
				SWIFT_VERSION = 5.0;
				TARGETED_DEVICE_FAMILY = "1,2";
			};
			name = Debug;
		};
		7B3ADE172B25D8050012EBAD /* Release */ = {
			isa = XCBuildConfiguration;
			buildSettings = {
				ASSETCATALOG_COMPILER_APPICON_NAME = AppIcon;
				ASSETCATALOG_COMPILER_GLOBAL_ACCENT_COLOR_NAME = AccentColor;
				CODE_SIGN_STYLE = Automatic;
				CURRENT_PROJECT_VERSION = 1;
				DEVELOPMENT_ASSET_PATHS = "\"Lego-Minifigure-AvatarCreator/Preview Content\"";
				DEVELOPMENT_TEAM = 9VYA7Z84A3;
				ENABLE_PREVIEWS = YES;
				GENERATE_INFOPLIST_FILE = YES;
				INFOPLIST_KEY_UIApplicationSceneManifest_Generation = YES;
				INFOPLIST_KEY_UIApplicationSupportsIndirectInputEvents = YES;
				INFOPLIST_KEY_UILaunchScreen_Generation = YES;
				INFOPLIST_KEY_UISupportedInterfaceOrientations_iPad = "UIInterfaceOrientationPortrait UIInterfaceOrientationPortraitUpsideDown UIInterfaceOrientationLandscapeLeft UIInterfaceOrientationLandscapeRight";
				INFOPLIST_KEY_UISupportedInterfaceOrientations_iPhone = "UIInterfaceOrientationPortrait UIInterfaceOrientationLandscapeLeft UIInterfaceOrientationLandscapeRight";
				LD_RUNPATH_SEARCH_PATHS = (
					"$(inherited)",
					"@executable_path/Frameworks",
				);
				MARKETING_VERSION = 1.0;
				PRODUCT_BUNDLE_IDENTIFIER = "gunsevenkoray.Lego-Minifigure-AvatarCreator";
				PRODUCT_NAME = "$(TARGET_NAME)";
				SWIFT_EMIT_LOC_STRINGS = YES;
				SWIFT_VERSION = 5.0;
				TARGETED_DEVICE_FAMILY = "1,2";
			};
			name = Release;
		};
/* End XCBuildConfiguration section */

/* Begin XCConfigurationList section */
		7B3ADE022B25D8040012EBAD /* Build configuration list for PBXProject "Lego-Minifigure-AvatarCreator" */ = {
			isa = XCConfigurationList;
			buildConfigurations = (
				7B3ADE132B25D8050012EBAD /* Debug */,
				7B3ADE142B25D8050012EBAD /* Release */,
			);
			defaultConfigurationIsVisible = 0;
			defaultConfigurationName = Release;
		};
		7B3ADE152B25D8050012EBAD /* Build configuration list for PBXNativeTarget "Lego-Minifigure-AvatarCreator" */ = {
			isa = XCConfigurationList;
			buildConfigurations = (
				7B3ADE162B25D8050012EBAD /* Debug */,
				7B3ADE172B25D8050012EBAD /* Release */,
			);
			defaultConfigurationIsVisible = 0;
			defaultConfigurationName = Release;
		};
/* End XCConfigurationList section */
	};
	rootObject = 7B3ADDFF2B25D8040012EBAD /* Project object */;
}
